// !$*UTF8*$!
{
	archiveVersion = 1;
	classes = {
	};
	objectVersion = 77;
	objects = {

/* Begin PBXBuildFile section */
		74444A712E17ECD40080159B /* FirebaseAnalytics in Frameworks */ = {isa = PBXBuildFile; productRef = 74444A702E17ECD40080159B /* FirebaseAnalytics */; };
		74444A732E17ECD40080159B /* FirebaseAnalyticsWithoutAdIdSupport in Frameworks */ = {isa = PBXBuildFile; productRef = 74444A722E17ECD40080159B /* FirebaseAnalyticsWithoutAdIdSupport */; };
		74444A752E17ECD40080159B /* FirebaseCore in Frameworks */ = {isa = PBXBuildFile; productRef = 74444A742E17ECD40080159B /* FirebaseCore */; };
/* End PBXBuildFile section */

/* Begin PBXContainerItemProxy section */
		744449A12E17AB2E0080159B /* PBXContainerItemProxy */ = {
			isa = PBXContainerItemProxy;
			containerPortal = 7444498B2E17AB2C0080159B /* Project object */;
			proxyType = 1;
			remoteGlobalIDString = 744449922E17AB2C0080159B;
			remoteInfo = Urbanizer;
		};
		744449AB2E17AB2E0080159B /* PBXContainerItemProxy */ = {
			isa = PBXContainerItemProxy;
			containerPortal = 7444498B2E17AB2C0080159B /* Project object */;
			proxyType = 1;
			remoteGlobalIDString = 744449922E17AB2C0080159B;
			remoteInfo = Urbanizer;
		};
/* End PBXContainerItemProxy section */

/* Begin PBXFileReference section */
		744449932E17AB2D0080159B /* Urbanizer.app */ = {isa = PBXFileReference; explicitFileType = wrapper.application; includeInIndex = 0; path = Urbanizer.app; sourceTree = BUILT_PRODUCTS_DIR; };
		744449A02E17AB2E0080159B /* UrbanizerTests.xctest */ = {isa = PBXFileReference; explicitFileType = wrapper.cfbundle; includeInIndex = 0; path = UrbanizerTests.xctest; sourceTree = BUILT_PRODUCTS_DIR; };
		744449AA2E17AB2E0080159B /* UrbanizerUITests.xctest */ = {isa = PBXFileReference; explicitFileType = wrapper.cfbundle; includeInIndex = 0; path = UrbanizerUITests.xctest; sourceTree = BUILT_PRODUCTS_DIR; };
/* End PBXFileReference section */

/* Begin PBXFileSystemSynchronizedRootGroup section */
		744449952E17AB2D0080159B /* Urbanizer */ = {
			isa = PBXFileSystemSynchronizedRootGroup;
			path = Urbanizer;
			sourceTree = "<group>";
		};
		744449A32E17AB2E0080159B /* UrbanizerTests */ = {
			isa = PBXFileSystemSynchronizedRootGroup;
			path = UrbanizerTests;
			sourceTree = "<group>";
		};
		744449AD2E17AB2E0080159B /* UrbanizerUITests */ = {
			isa = PBXFileSystemSynchronizedRootGroup;
			path = UrbanizerUITests;
			sourceTree = "<group>";
		};
/* End PBXFileSystemSynchronizedRootGroup section */

/* Begin PBXFrameworksBuildPhase section */
		744449902E17AB2C0080159B /* Frameworks */ = {
			isa = PBXFrameworksBuildPhase;
			buildActionMask = 2147483647;
			files = (
				74444A712E17ECD40080159B /* FirebaseAnalytics in Frameworks */,
				74444A752E17ECD40080159B /* FirebaseCore in Frameworks */,
				74444A732E17ECD40080159B /* FirebaseAnalyticsWithoutAdIdSupport in Frameworks */,
			);
			runOnlyForDeploymentPostprocessing = 0;
		};
		7444499D2E17AB2E0080159B /* Frameworks */ = {
			isa = PBXFrameworksBuildPhase;
			buildActionMask = 2147483647;
			files = (
			);
			runOnlyForDeploymentPostprocessing = 0;
		};
		744449A72E17AB2E0080159B /* Frameworks */ = {
			isa = PBXFrameworksBuildPhase;
			buildActionMask = 2147483647;
			files = (
			);
			runOnlyForDeploymentPostprocessing = 0;
		};
/* End PBXFrameworksBuildPhase section */

/* Begin PBXGroup section */
		7444498A2E17AB2C0080159B = {
			isa = PBXGroup;
			children = (
				744449952E17AB2D0080159B /* Urbanizer */,
				744449A32E17AB2E0080159B /* UrbanizerTests */,
				744449AD2E17AB2E0080159B /* UrbanizerUITests */,
				744449942E17AB2D0080159B /* Products */,
			);
			sourceTree = "<group>";
		};
		744449942E17AB2D0080159B /* Products */ = {
			isa = PBXGroup;
			children = (
				744449932E17AB2D0080159B /* Urbanizer.app */,
				744449A02E17AB2E0080159B /* UrbanizerTests.xctest */,
				744449AA2E17AB2E0080159B /* UrbanizerUITests.xctest */,
			);
			name = Products;
			sourceTree = "<group>";
		};
/* End PBXGroup section */

/* Begin PBXNativeTarget section */
		744449922E17AB2C0080159B /* Urbanizer */ = {
			isa = PBXNativeTarget;
			buildConfigurationList = 744449B42E17AB2E0080159B /* Build configuration list for PBXNativeTarget "Urbanizer" */;
			buildPhases = (
				7444498F2E17AB2C0080159B /* Sources */,
				744449902E17AB2C0080159B /* Frameworks */,
				744449912E17AB2C0080159B /* Resources */,
			);
			buildRules = (
			);
			dependencies = (
			);
			fileSystemSynchronizedGroups = (
				744449952E17AB2D0080159B /* Urbanizer */,
			);
			name = Urbanizer;
			packageProductDependencies = (
				74444A702E17ECD40080159B /* FirebaseAnalytics */,
				74444A722E17ECD40080159B /* FirebaseAnalyticsWithoutAdIdSupport */,
				74444A742E17ECD40080159B /* FirebaseCore */,
			);
			productName = Urbanizer;
			productReference = 744449932E17AB2D0080159B /* Urbanizer.app */;
			productType = "com.apple.product-type.application";
		};
		7444499F2E17AB2E0080159B /* UrbanizerTests */ = {
			isa = PBXNativeTarget;
			buildConfigurationList = 744449B72E17AB2E0080159B /* Build configuration list for PBXNativeTarget "UrbanizerTests" */;
			buildPhases = (
				7444499C2E17AB2E0080159B /* Sources */,
				7444499D2E17AB2E0080159B /* Frameworks */,
				7444499E2E17AB2E0080159B /* Resources */,
			);
			buildRules = (
			);
			dependencies = (
				744449A22E17AB2E0080159B /* PBXTargetDependency */,
			);
			fileSystemSynchronizedGroups = (
				744449A32E17AB2E0080159B /* UrbanizerTests */,
			);
			name = UrbanizerTests;
			packageProductDependencies = (
			);
			productName = UrbanizerTests;
			productReference = 744449A02E17AB2E0080159B /* UrbanizerTests.xctest */;
			productType = "com.apple.product-type.bundle.unit-test";
		};
		744449A92E17AB2E0080159B /* UrbanizerUITests */ = {
			isa = PBXNativeTarget;
			buildConfigurationList = 744449BA2E17AB2E0080159B /* Build configuration list for PBXNativeTarget "UrbanizerUITests" */;
			buildPhases = (
				744449A62E17AB2E0080159B /* Sources */,
				744449A72E17AB2E0080159B /* Frameworks */,
				744449A82E17AB2E0080159B /* Resources */,
			);
			buildRules = (
			);
			dependencies = (
				744449AC2E17AB2E0080159B /* PBXTargetDependency */,
			);
			fileSystemSynchronizedGroups = (
				744449AD2E17AB2E0080159B /* UrbanizerUITests */,
			);
			name = UrbanizerUITests;
			packageProductDependencies = (
			);
			productName = UrbanizerUITests;
			productReference = 744449AA2E17AB2E0080159B /* UrbanizerUITests.xctest */;
			productType = "com.apple.product-type.bundle.ui-testing";
		};
/* End PBXNativeTarget section */

/* Begin PBXProject section */
		7444498B2E17AB2C0080159B /* Project object */ = {
			isa = PBXProject;
			attributes = {
				BuildIndependentTargetsInParallel = 1;
				LastSwiftUpdateCheck = 1640;
				LastUpgradeCheck = 1640;
				TargetAttributes = {
					744449922E17AB2C0080159B = {
						CreatedOnToolsVersion = 16.4;
					};
					7444499F2E17AB2E0080159B = {
						CreatedOnToolsVersion = 16.4;
						TestTargetID = 744449922E17AB2C0080159B;
					};
					744449A92E17AB2E0080159B = {
						CreatedOnToolsVersion = 16.4;
						TestTargetID = 744449922E17AB2C0080159B;
					};
				};
			};
			buildConfigurationList = 7444498E2E17AB2C0080159B /* Build configuration list for PBXProject "Urbanizer" */;
			developmentRegion = en;
			hasScannedForEncodings = 0;
			knownRegions = (
				en,
				Base,
			);
			mainGroup = 7444498A2E17AB2C0080159B;
			minimizedProjectReferenceProxies = 1;
			packageReferences = (
				74444A6F2E17EC840080159B /* XCRemoteSwiftPackageReference "firebase-ios-sdk" */,
			);
			preferredProjectObjectVersion = 77;
			productRefGroup = 744449942E17AB2D0080159B /* Products */;
			projectDirPath = "";
			projectRoot = "";
			targets = (
				744449922E17AB2C0080159B /* Urbanizer */,
				7444499F2E17AB2E0080159B /* UrbanizerTests */,
				744449A92E17AB2E0080159B /* UrbanizerUITests */,
			);
		};
/* End PBXProject section */

/* Begin PBXResourcesBuildPhase section */
		744449912E17AB2C0080159B /* Resources */ = {
			isa = PBXResourcesBuildPhase;
			buildActionMask = 2147483647;
			files = (
			);
			runOnlyForDeploymentPostprocessing = 0;
		};
		7444499E2E17AB2E0080159B /* Resources */ = {
			isa = PBXResourcesBuildPhase;
			buildActionMask = 2147483647;
			files = (
			);
			runOnlyForDeploymentPostprocessing = 0;
		};
		744449A82E17AB2E0080159B /* Resources */ = {
			isa = PBXResourcesBuildPhase;
			buildActionMask = 2147483647;
			files = (
			);
			runOnlyForDeploymentPostprocessing = 0;
		};
/* End PBXResourcesBuildPhase section */

/* Begin PBXSourcesBuildPhase section */
		7444498F2E17AB2C0080159B /* Sources */ = {
			isa = PBXSourcesBuildPhase;
			buildActionMask = 2147483647;
			files = (
			);
			runOnlyForDeploymentPostprocessing = 0;
		};
		7444499C2E17AB2E0080159B /* Sources */ = {
			isa = PBXSourcesBuildPhase;
			buildActionMask = 2147483647;
			files = (
			);
			runOnlyForDeploymentPostprocessing = 0;
		};
		744449A62E17AB2E0080159B /* Sources */ = {
			isa = PBXSourcesBuildPhase;
			buildActionMask = 2147483647;
			files = (
			);
			runOnlyForDeploymentPostprocessing = 0;
		};
/* End PBXSourcesBuildPhase section */

/* Begin PBXTargetDependency section */
		744449A22E17AB2E0080159B /* PBXTargetDependency */ = {
			isa = PBXTargetDependency;
			target = 744449922E17AB2C0080159B /* Urbanizer */;
			targetProxy = 744449A12E17AB2E0080159B /* PBXContainerItemProxy */;
		};
		744449AC2E17AB2E0080159B /* PBXTargetDependency */ = {
			isa = PBXTargetDependency;
			target = 744449922E17AB2C0080159B /* Urbanizer */;
			targetProxy = 744449AB2E17AB2E0080159B /* PBXContainerItemProxy */;
		};
/* End PBXTargetDependency section */

/* Begin XCBuildConfiguration section */
		744449B22E17AB2E0080159B /* Debug */ = {
			isa = XCBuildConfiguration;
			buildSettings = {
				ALWAYS_SEARCH_USER_PATHS = NO;
				ASSETCATALOG_COMPILER_GENERATE_SWIFT_ASSET_SYMBOL_EXTENSIONS = YES;
				CLANG_ANALYZER_NONNULL = YES;
				CLANG_ANALYZER_NUMBER_OBJECT_CONVERSION = YES_AGGRESSIVE;
				CLANG_CXX_LANGUAGE_STANDARD = "gnu++20";
				CLANG_ENABLE_MODULES = YES;
				CLANG_ENABLE_OBJC_ARC = YES;
				CLANG_ENABLE_OBJC_WEAK = YES;
				CLANG_WARN_BLOCK_CAPTURE_AUTORELEASING = YES;
				CLANG_WARN_BOOL_CONVERSION = YES;
				CLANG_WARN_COMMA = YES;
				CLANG_WARN_CONSTANT_CONVERSION = YES;
				CLANG_WARN_DEPRECATED_OBJC_IMPLEMENTATIONS = YES;
				CLANG_WARN_DIRECT_OBJC_ISA_USAGE = YES_ERROR;
				CLANG_WARN_DOCUMENTATION_COMMENTS = YES;
				CLANG_WARN_EMPTY_BODY = YES;
				CLANG_WARN_ENUM_CONVERSION = YES;
				CLANG_WARN_INFINITE_RECURSION = YES;
				CLANG_WARN_INT_CONVERSION = YES;
				CLANG_WARN_NON_LITERAL_NULL_CONVERSION = YES;
				CLANG_WARN_OBJC_IMPLICIT_RETAIN_SELF = YES;
				CLANG_WARN_OBJC_LITERAL_CONVERSION = YES;
				CLANG_WARN_OBJC_ROOT_CLASS = YES_ERROR;
				CLANG_WARN_QUOTED_INCLUDE_IN_FRAMEWORK_HEADER = YES;
				CLANG_WARN_RANGE_LOOP_ANALYSIS = YES;
				CLANG_WARN_STRICT_PROTOTYPES = YES;
				CLANG_WARN_SUSPICIOUS_MOVE = YES;
				CLANG_WARN_UNGUARDED_AVAILABILITY = YES_AGGRESSIVE;
				CLANG_WARN_UNREACHABLE_CODE = YES;
				CLANG_WARN__DUPLICATE_METHOD_MATCH = YES;
				COPY_PHASE_STRIP = NO;
				DEBUG_INFORMATION_FORMAT = dwarf;
				ENABLE_STRICT_OBJC_MSGSEND = YES;
				ENABLE_TESTABILITY = YES;
				ENABLE_USER_SCRIPT_SANDBOXING = YES;
				GCC_C_LANGUAGE_STANDARD = gnu17;
				GCC_DYNAMIC_NO_PIC = NO;
				GCC_NO_COMMON_BLOCKS = YES;
				GCC_OPTIMIZATION_LEVEL = 0;
				GCC_PREPROCESSOR_DEFINITIONS = (
					"DEBUG=1",
					"$(inherited)",
				);
				GCC_WARN_64_TO_32_BIT_CONVERSION = YES;
				GCC_WARN_ABOUT_RETURN_TYPE = YES_ERROR;
				GCC_WARN_UNDECLARED_SELECTOR = YES;
				GCC_WARN_UNINITIALIZED_AUTOS = YES_AGGRESSIVE;
				GCC_WARN_UNUSED_FUNCTION = YES;
				GCC_WARN_UNUSED_VARIABLE = YES;
				IPHONEOS_DEPLOYMENT_TARGET = 18.5;
				LOCALIZATION_PREFERS_STRING_CATALOGS = YES;
				MTL_ENABLE_DEBUG_INFO = INCLUDE_SOURCE;
				MTL_FAST_MATH = YES;
				ONLY_ACTIVE_ARCH = YES;
				SDKROOT = iphoneos;
				SWIFT_ACTIVE_COMPILATION_CONDITIONS = "DEBUG $(inherited)";
				SWIFT_OPTIMIZATION_LEVEL = "-Onone";
			};
			name = Debug;
		};
		744449B32E17AB2E0080159B /* Release */ = {
			isa = XCBuildConfiguration;
			buildSettings = {
				ALWAYS_SEARCH_USER_PATHS = NO;
				ASSETCATALOG_COMPILER_GENERATE_SWIFT_ASSET_SYMBOL_EXTENSIONS = YES;
				CLANG_ANALYZER_NONNULL = YES;
				CLANG_ANALYZER_NUMBER_OBJECT_CONVERSION = YES_AGGRESSIVE;
				CLANG_CXX_LANGUAGE_STANDARD = "gnu++20";
				CLANG_ENABLE_MODULES = YES;
				CLANG_ENABLE_OBJC_ARC = YES;
				CLANG_ENABLE_OBJC_WEAK = YES;
				CLANG_WARN_BLOCK_CAPTURE_AUTORELEASING = YES;
				CLANG_WARN_BOOL_CONVERSION = YES;
				CLANG_WARN_COMMA = YES;
				CLANG_WARN_CONSTANT_CONVERSION = YES;
				CLANG_WARN_DEPRECATED_OBJC_IMPLEMENTATIONS = YES;
				CLANG_WARN_DIRECT_OBJC_ISA_USAGE = YES_ERROR;
				CLANG_WARN_DOCUMENTATION_COMMENTS = YES;
				CLANG_WARN_EMPTY_BODY = YES;
				CLANG_WARN_ENUM_CONVERSION = YES;
				CLANG_WARN_INFINITE_RECURSION = YES;
				CLANG_WARN_INT_CONVERSION = YES;
				CLANG_WARN_NON_LITERAL_NULL_CONVERSION = YES;
				CLANG_WARN_OBJC_IMPLICIT_RETAIN_SELF = YES;
				CLANG_WARN_OBJC_LITERAL_CONVERSION = YES;
				CLANG_WARN_OBJC_ROOT_CLASS = YES_ERROR;
				CLANG_WARN_QUOTED_INCLUDE_IN_FRAMEWORK_HEADER = YES;
				CLANG_WARN_RANGE_LOOP_ANALYSIS = YES;
				CLANG_WARN_STRICT_PROTOTYPES = YES;
				CLANG_WARN_SUSPICIOUS_MOVE = YES;
				CLANG_WARN_UNGUARDED_AVAILABILITY = YES_AGGRESSIVE;
				CLANG_WARN_UNREACHABLE_CODE = YES;
				CLANG_WARN__DUPLICATE_METHOD_MATCH = YES;
				COPY_PHASE_STRIP = NO;
				DEBUG_INFORMATION_FORMAT = "dwarf-with-dsym";
				ENABLE_NS_ASSERTIONS = NO;
				ENABLE_STRICT_OBJC_MSGSEND = YES;
				ENABLE_USER_SCRIPT_SANDBOXING = YES;
				GCC_C_LANGUAGE_STANDARD = gnu17;
				GCC_NO_COMMON_BLOCKS = YES;
				GCC_WARN_64_TO_32_BIT_CONVERSION = YES;
				GCC_WARN_ABOUT_RETURN_TYPE = YES_ERROR;
				GCC_WARN_UNDECLARED_SELECTOR = YES;
				GCC_WARN_UNINITIALIZED_AUTOS = YES_AGGRESSIVE;
				GCC_WARN_UNUSED_FUNCTION = YES;
				GCC_WARN_UNUSED_VARIABLE = YES;
				IPHONEOS_DEPLOYMENT_TARGET = 18.5;
				LOCALIZATION_PREFERS_STRING_CATALOGS = YES;
				MTL_ENABLE_DEBUG_INFO = NO;
				MTL_FAST_MATH = YES;
				SDKROOT = iphoneos;
				SWIFT_COMPILATION_MODE = wholemodule;
				VALIDATE_PRODUCT = YES;
			};
			name = Release;
		};
		744449B52E17AB2E0080159B /* Debug */ = {
			isa = XCBuildConfiguration;
			buildSettings = {
				ASSETCATALOG_COMPILER_APPICON_NAME = AppIcon;
				ASSETCATALOG_COMPILER_GLOBAL_ACCENT_COLOR_NAME = AccentColor;
				CODE_SIGN_STYLE = Automatic;
				CURRENT_PROJECT_VERSION = 1;
				ENABLE_PREVIEWS = YES;
				GENERATE_INFOPLIST_FILE = YES;
				INFOPLIST_KEY_UIApplicationSceneManifest_Generation = YES;
				INFOPLIST_KEY_UIApplicationSupportsIndirectInputEvents = YES;
				INFOPLIST_KEY_UILaunchScreen_Generation = YES;
				INFOPLIST_KEY_UISupportedInterfaceOrientations_iPad = "UIInterfaceOrientationPortrait UIInterfaceOrientationPortraitUpsideDown UIInterfaceOrientationLandscapeLeft UIInterfaceOrientationLandscapeRight";
				INFOPLIST_KEY_UISupportedInterfaceOrientations_iPhone = "UIInterfaceOrientationPortrait UIInterfaceOrientationLandscapeLeft UIInterfaceOrientationLandscapeRight";
				LD_RUNPATH_SEARCH_PATHS = (
					"$(inherited)",
					"@executable_path/Frameworks",
				);
				MARKETING_VERSION = 1.0;
				PRODUCT_BUNDLE_IDENTIFIER = com.urbanizer.consumer;
				PRODUCT_NAME = "$(TARGET_NAME)";
				SWIFT_EMIT_LOC_STRINGS = YES;
				SWIFT_VERSION = 5.0;
				TARGETED_DEVICE_FAMILY = "1,2";
			};
			name = Debug;
		};
		744449B62E17AB2E0080159B /* Release */ = {
			isa = XCBuildConfiguration;
			buildSettings = {
				ASSETCATALOG_COMPILER_APPICON_NAME = AppIcon;
				ASSETCATALOG_COMPILER_GLOBAL_ACCENT_COLOR_NAME = AccentColor;
				CODE_SIGN_STYLE = Automatic;
				CURRENT_PROJECT_VERSION = 1;
				ENABLE_PREVIEWS = YES;
				GENERATE_INFOPLIST_FILE = YES;
				INFOPLIST_KEY_UIApplicationSceneManifest_Generation = YES;
				INFOPLIST_KEY_UIApplicationSupportsIndirectInputEvents = YES;
				INFOPLIST_KEY_UILaunchScreen_Generation = YES;
				INFOPLIST_KEY_UISupportedInterfaceOrientations_iPad = "UIInterfaceOrientationPortrait UIInterfaceOrientationPortraitUpsideDown UIInterfaceOrientationLandscapeLeft UIInterfaceOrientationLandscapeRight";
				INFOPLIST_KEY_UISupportedInterfaceOrientations_iPhone = "UIInterfaceOrientationPortrait UIInterfaceOrientationLandscapeLeft UIInterfaceOrientationLandscapeRight";
				LD_RUNPATH_SEARCH_PATHS = (
					"$(inherited)",
					"@executable_path/Frameworks",
				);
				MARKETING_VERSION = 1.0;
				PRODUCT_BUNDLE_IDENTIFIER = com.urbanizer.consumer;
				PRODUCT_NAME = "$(TARGET_NAME)";
				SWIFT_EMIT_LOC_STRINGS = YES;
				SWIFT_VERSION = 5.0;
				TARGETED_DEVICE_FAMILY = "1,2";
			};
			name = Release;
		};
		744449B82E17AB2E0080159B /* Debug */ = {
			isa = XCBuildConfiguration;
			buildSettings = {
				BUNDLE_LOADER = "$(TEST_HOST)";
				CODE_SIGN_STYLE = Automatic;
				CURRENT_PROJECT_VERSION = 1;
				GENERATE_INFOPLIST_FILE = YES;
				IPHONEOS_DEPLOYMENT_TARGET = 18.5;
				MARKETING_VERSION = 1.0;
				PRODUCT_BUNDLE_IDENTIFIER = com.nakul.urbanizer.UrbanizerTests;
				PRODUCT_NAME = "$(TARGET_NAME)";
				SWIFT_EMIT_LOC_STRINGS = NO;
				SWIFT_VERSION = 5.0;
				TARGETED_DEVICE_FAMILY = "1,2";
				TEST_HOST = "$(BUILT_PRODUCTS_DIR)/Urbanizer.app/$(BUNDLE_EXECUTABLE_FOLDER_PATH)/Urbanizer";
			};
			name = Debug;
		};
		744449B92E17AB2E0080159B /* Release */ = {
			isa = XCBuildConfiguration;
			buildSettings = {
				BUNDLE_LOADER = "$(TEST_HOST)";
				CODE_SIGN_STYLE = Automatic;
				CURRENT_PROJECT_VERSION = 1;
				GENERATE_INFOPLIST_FILE = YES;
				IPHONEOS_DEPLOYMENT_TARGET = 18.5;
				MARKETING_VERSION = 1.0;
				PRODUCT_BUNDLE_IDENTIFIER = com.nakul.urbanizer.UrbanizerTests;
				PRODUCT_NAME = "$(TARGET_NAME)";
				SWIFT_EMIT_LOC_STRINGS = NO;
				SWIFT_VERSION = 5.0;
				TARGETED_DEVICE_FAMILY = "1,2";
				TEST_HOST = "$(BUILT_PRODUCTS_DIR)/Urbanizer.app/$(BUNDLE_EXECUTABLE_FOLDER_PATH)/Urbanizer";
			};
			name = Release;
		};
		744449BB2E17AB2E0080159B /* Debug */ = {
			isa = XCBuildConfiguration;
			buildSettings = {
				CODE_SIGN_STYLE = Automatic;
				CURRENT_PROJECT_VERSION = 1;
				GENERATE_INFOPLIST_FILE = YES;
				MARKETING_VERSION = 1.0;
				PRODUCT_BUNDLE_IDENTIFIER = com.nakul.urbanizer.UrbanizerUITests;
				PRODUCT_NAME = "$(TARGET_NAME)";
				SWIFT_EMIT_LOC_STRINGS = NO;
				SWIFT_VERSION = 5.0;
				TARGETED_DEVICE_FAMILY = "1,2";
				TEST_TARGET_NAME = Urbanizer;
			};
			name = Debug;
		};
		744449BC2E17AB2E0080159B /* Release */ = {
			isa = XCBuildConfiguration;
			buildSettings = {
				CODE_SIGN_STYLE = Automatic;
				CURRENT_PROJECT_VERSION = 1;
				GENERATE_INFOPLIST_FILE = YES;
				MARKETING_VERSION = 1.0;
				PRODUCT_BUNDLE_IDENTIFIER = com.nakul.urbanizer.UrbanizerUITests;
				PRODUCT_NAME = "$(TARGET_NAME)";
				SWIFT_EMIT_LOC_STRINGS = NO;
				SWIFT_VERSION = 5.0;
				TARGETED_DEVICE_FAMILY = "1,2";
				TEST_TARGET_NAME = Urbanizer;
			};
			name = Release;
		};
/* End XCBuildConfiguration section */

/* Begin XCConfigurationList section */
		7444498E2E17AB2C0080159B /* Build configuration list for PBXProject "Urbanizer" */ = {
			isa = XCConfigurationList;
			buildConfigurations = (
				744449B22E17AB2E0080159B /* Debug */,
				744449B32E17AB2E0080159B /* Release */,
			);
			defaultConfigurationIsVisible = 0;
			defaultConfigurationName = Release;
		};
		744449B42E17AB2E0080159B /* Build configuration list for PBXNativeTarget "Urbanizer" */ = {
			isa = XCConfigurationList;
			buildConfigurations = (
				744449B52E17AB2E0080159B /* Debug */,
				744449B62E17AB2E0080159B /* Release */,
			);
			defaultConfigurationIsVisible = 0;
			defaultConfigurationName = Release;
		};
		744449B72E17AB2E0080159B /* Build configuration list for PBXNativeTarget "UrbanizerTests" */ = {
			isa = XCConfigurationList;
			buildConfigurations = (
				744449B82E17AB2E0080159B /* Debug */,
				744449B92E17AB2E0080159B /* Release */,
			);
			defaultConfigurationIsVisible = 0;
			defaultConfigurationName = Release;
		};
		744449BA2E17AB2E0080159B /* Build configuration list for PBXNativeTarget "UrbanizerUITests" */ = {
			isa = XCConfigurationList;
			buildConfigurations = (
				744449BB2E17AB2E0080159B /* Debug */,
				744449BC2E17AB2E0080159B /* Release */,
			);
			defaultConfigurationIsVisible = 0;
			defaultConfigurationName = Release;
		};
/* End XCConfigurationList section */

/* Begin XCRemoteSwiftPackageReference section */
		74444A6F2E17EC840080159B /* XCRemoteSwiftPackageReference "firebase-ios-sdk" */ = {
			isa = XCRemoteSwiftPackageReference;
			repositoryURL = "https://github.com/firebase/firebase-ios-sdk";
			requirement = {
				kind = upToNextMajorVersion;
				minimumVersion = 11.15.0;
			};
		};
/* End XCRemoteSwiftPackageReference section */

/* Begin XCSwiftPackageProductDependency section */
		74444A702E17ECD40080159B /* FirebaseAnalytics */ = {
			isa = XCSwiftPackageProductDependency;
			package = 74444A6F2E17EC840080159B /* XCRemoteSwiftPackageReference "firebase-ios-sdk" */;
			productName = FirebaseAnalytics;
		};
		74444A722E17ECD40080159B /* FirebaseAnalyticsWithoutAdIdSupport */ = {
			isa = XCSwiftPackageProductDependency;
			package = 74444A6F2E17EC840080159B /* XCRemoteSwiftPackageReference "firebase-ios-sdk" */;
			productName = FirebaseAnalyticsWithoutAdIdSupport;
		};
		74444A742E17ECD40080159B /* FirebaseCore */ = {
			isa = XCSwiftPackageProductDependency;
			package = 74444A6F2E17EC840080159B /* XCRemoteSwiftPackageReference "firebase-ios-sdk" */;
			productName = FirebaseCore;
		};
/* End XCSwiftPackageProductDependency section */
	};
	rootObject = 7444498B2E17AB2C0080159B /* Project object */;
}
